{
  "name": "dd-legacy-plugin",
  "version": "1.0.0",
  "lockfileVersion": 3,
  "requires": true,
  "packages": {
    "": {
      "name": "dd-legacy-plugin",
      "version": "1.0.0",
      "license": "ISC",
      "dependencies": {
        "@discordeno/bot": "^19.0.0-next.918cee2",
        "typescript": "^4.9.5"
      }
    },
    "node_modules/@discordeno/bot": {
      "version": "19.0.0-next.918cee2",
      "resolved": "https://registry.npmjs.org/@discordeno/bot/-/bot-19.0.0-next.918cee2.tgz",
      "integrity": "sha512-NHHLTIh7/bTs8key4DwuL/bnO7M0ghnSdfKESDwJ22wbdc/w2rFFlJE2cEkwXV/KIhsWsAjXbRN/l/dSr1d0oA==",
      "dependencies": {
        "@discordeno/gateway": "19.0.0-next.918cee2",
        "@discordeno/rest": "19.0.0-next.918cee2",
        "@discordeno/types": "19.0.0-next.918cee2",
        "@discordeno/utils": "19.0.0-next.918cee2"
      }
    },
    "node_modules/@discordeno/gateway": {
      "version": "19.0.0-next.918cee2",
      "resolved": "https://registry.npmjs.org/@discordeno/gateway/-/gateway-19.0.0-next.918cee2.tgz",
      "integrity": "sha512-aSCBTtf1EpWgwSWelrkSgVw6fDpBC9TtY+YYfvxheFkrImQJN7zPuh/10jIHb4Ie+DUhqzc6cfKnz899TA6J/w==",
      "dependencies": {
        "@discordeno/types": "19.0.0-next.918cee2",
        "@discordeno/utils": "19.0.0-next.918cee2",
        "ws": "^8.11.0"
      }
    },
    "node_modules/@discordeno/rest": {
      "version": "19.0.0-next.918cee2",
      "resolved": "https://registry.npmjs.org/@discordeno/rest/-/rest-19.0.0-next.918cee2.tgz",
      "integrity": "sha512-STwiC8IM7nQ0r8bH74wxULQ3GgNJRiLy2FHmfzJFgaL8MoWarwHeih8y7ainpzOs/Ua2gEQlxEF3Q3gqAQkp/A==",
      "dependencies": {
        "@discordeno/types": "19.0.0-next.918cee2",
        "@discordeno/utils": "19.0.0-next.918cee2",
        "dotenv": "^16.0.3"
      }
    },
    "node_modules/@discordeno/types": {
      "version": "19.0.0-next.918cee2",
      "resolved": "https://registry.npmjs.org/@discordeno/types/-/types-19.0.0-next.918cee2.tgz",
      "integrity": "sha512-R2eFDqI7REBbB/N+vKgVe44kszxn3rS/ydxE2XKcDhEKmpQyFHoV97u8dMeTjTYyjL0gROe/BxOfJtUkQD9gWg=="
    },
    "node_modules/@discordeno/utils": {
      "version": "19.0.0-next.918cee2",
      "resolved": "https://registry.npmjs.org/@discordeno/utils/-/utils-19.0.0-next.918cee2.tgz",
      "integrity": "sha512-6+z9h+ONdp4kICwAp+i6X2UecSnpptAatRAe2DQMh6YEXIXySTMjQNI1h9oYKAMTzNjcDX4751R/oIDz3yr25Q==",
      "dependencies": {
        "@discordeno/types": "19.0.0-next.918cee2",
        "tweetnacl": "^1.0.3"
      }
    },
    "node_modules/dotenv": {
      "version": "16.0.3",
      "resolved": "https://registry.npmjs.org/dotenv/-/dotenv-16.0.3.tgz",
      "integrity": "sha512-7GO6HghkA5fYG9TYnNxi14/7K9f5occMlp3zXAuSxn7CKCxt9xbNWG7yF8hTCSUchlfWSe3uLmlPfigevRItzQ==",
      "engines": {
        "node": ">=12"
      }
    },
    "node_modules/tweetnacl": {
      "version": "1.0.3",
      "resolved": "https://registry.npmjs.org/tweetnacl/-/tweetnacl-1.0.3.tgz",
      "integrity": "sha512-6rt+RN7aOi1nGMyC4Xa5DdYiukl2UWCbcJft7YhxReBGQD7OAM8Pbxw6YMo4r2diNEA8FEmu32YOn9rhaiE5yw=="
    },
    "node_modules/typescript": {
      "version": "4.9.5",
      "resolved": "https://registry.npmjs.org/typescript/-/typescript-4.9.5.tgz",
      "integrity": "sha512-1FXk9E2Hm+QzZQ7z+McJiHL4NW1F2EzMu9Nq9i3zAaGqibafqYwCVU6WyWAuyQRRzOlxou8xZSyXLEN8oKj24g==",
      "bin": {
        "tsc": "bin/tsc",
        "tsserver": "bin/tsserver"
      },
      "engines": {
        "node": ">=4.2.0"
      }
    },
    "node_modules/ws": {
      "version": "8.13.0",
      "resolved": "https://registry.npmjs.org/ws/-/ws-8.13.0.tgz",
      "integrity": "sha512-x9vcZYTrFPC7aSIbj7sRCYo7L/Xb8Iy+pW0ng0wt2vCJv7M9HOMy0UoN3rr+IFC7hb7vXoqS+P9ktyLLLhO+LA==",
      "engines": {
        "node": ">=10.0.0"
      },
      "peerDependencies": {
        "bufferutil": "^4.0.1",
        "utf-8-validate": ">=5.0.2"
      },
      "peerDependenciesMeta": {
        "bufferutil": {
          "optional": true
        },
        "utf-8-validate": {
          "optional": true
        }
      }
    }
  }
}
